
Microsoft Visual Studio Solution File, Format Version 12.00
# Visual Studio Version 16
VisualStudioVersion = 16.0.31702.278
MinimumVisualStudioVersion = 10.0.40219.1
Project("{FAE04EC0-301F-11D3-BF4B-00C04F79EFBC}") = "Problema2-Examen", "Problema2-Examen\Problema2-Examen.csproj", "{8A135639-CD93-41E9-AB50-730D31165F32}"
EndProject
Global
	GlobalSection(SolutionConfigurationPlatforms) = preSolution
		Debug|Any CPU = Debug|Any CPU
		Release|Any CPU = Release|Any CPU
	EndGlobalSection
	GlobalSection(ProjectConfigurationPlatforms) = postSolution
		{8A135639-CD93-41E9-AB50-730D31165F32}.Debug|Any CPU.ActiveCfg = Debug|Any CPU
		{8A135639-CD93-41E9-AB50-730D31165F32}.Debug|Any CPU.Build.0 = Debug|Any CPU
		{8A135639-CD93-41E9-AB50-730D31165F32}.Release|Any CPU.ActiveCfg = Release|Any CPU
		{8A135639-CD93-41E9-AB50-730D31165F32}.Release|Any CPU.Build.0 = Release|Any CPU
	EndGlobalSection
	GlobalSection(SolutionProperties) = preSolution
		HideSolutionNode = FALSE
	EndGlobalSection
	GlobalSection(ExtensibilityGlobals) = postSolution
		SolutionGuid = {FA6A8B38-DA31-4131-BAE8-9B60F0250FFC}
	EndGlobalSection
EndGlobal
